
Microsoft Visual Studio Solution File, Format Version 12.00
# Visual Studio Version 17
VisualStudioVersion = 17.0.31903.59
MinimumVisualStudioVersion = 10.0.40219.1
Project("{2150E333-8FDC-42A3-9474-1A3956D46DE8}") = "src", "src", "{827E0CD3-B72D-47B6-A68D-7590B98EB39B}"
EndProject
Project("{FAE04EC0-301F-11D3-BF4B-00C04F79EFBC}") = "Engine.Kernel", "src\Engine.Kernel\Engine.Kernel.csproj", "{40297197-30BF-4180-88C9-916E66859E0F}"
EndProject
Project("{FAE04EC0-301F-11D3-BF4B-00C04F79EFBC}") = "Engine.Host", "src\Engine.Host\Engine.Host.csproj", "{A12B1299-FAF6-4BC9-A54A-D23F7A6DB6DF}"
EndProject
Project("{2150E333-8FDC-42A3-9474-1A3956D46DE8}") = "plugins", "plugins", "{07D57EEB-2F50-60C4-C011-FE4FA775C9A8}"
EndProject
Project("{2150E333-8FDC-42A3-9474-1A3956D46DE8}") = "sandbox.echo", "sandbox.echo", "{5277871D-FD82-4E0F-9994-47CB654DDE62}"
EndProject
Project("{FAE04EC0-301F-11D3-BF4B-00C04F79EFBC}") = "Sandbox.Echo.Contracts", "plugins\sandbox.echo\Sandbox.Echo.Contracts\Sandbox.Echo.Contracts.csproj", "{6CDA3EB0-CC08-48E6-B946-183D31840661}"
EndProject
Project("{FAE04EC0-301F-11D3-BF4B-00C04F79EFBC}") = "Sandbox.Echo", "plugins\sandbox.echo\Sandbox.Echo\Sandbox.Echo.csproj", "{B0F967C4-B801-4A53-829E-689C2728553A}"
EndProject
Project("{2150E333-8FDC-42A3-9474-1A3956D46DE8}") = "tests", "tests", "{0AB3BF05-4346-4AA6-1389-037BE0695223}"
EndProject
Project("{FAE04EC0-301F-11D3-BF4B-00C04F79EFBC}") = "Engine.Kernel.Tests", "tests\Engine.Kernel.Tests\Engine.Kernel.Tests.csproj", "{D7C61E35-8805-4C28-B3D7-084D8FBC6820}"
EndProject
Project("{FAE04EC0-301F-11D3-BF4B-00C04F79EFBC}") = "Engine.ConformanceHarness", "tests\Engine.ConformanceHarness\Engine.ConformanceHarness.csproj", "{C9725988-61CD-4EFC-A3DD-F7F42B3C4B2D}"
EndProject
Project("{2150E333-8FDC-42A3-9474-1A3956D46DE8}") = "engine.windowing", "engine.windowing", "{E4E5DDBB-4FEB-AC72-3CEB-8E5D71B29053}"
EndProject
Project("{FAE04EC0-301F-11D3-BF4B-00C04F79EFBC}") = "Engine.Windowing.Contracts", "plugins\engine.windowing\Engine.Windowing.Contracts\Engine.Windowing.Contracts.csproj", "{AE132341-387B-4C5F-A428-9D3AEC57F44F}"
EndProject
Project("{FAE04EC0-301F-11D3-BF4B-00C04F79EFBC}") = "Engine.Windowing", "plugins\engine.windowing\Engine.Windowing\Engine.Windowing.csproj", "{AEE3E4F9-CC35-40C6-88A9-3C401F69BA08}"
EndProject
Project("{2150E333-8FDC-42A3-9474-1A3956D46DE8}") = "engine.render", "engine.render", "{4B0CEF17-61C3-056D-753F-1CA96E0E17CD}"
EndProject
Project("{FAE04EC0-301F-11D3-BF4B-00C04F79EFBC}") = "Engine.Render", "plugins\engine.render\Engine.Render\Engine.Render.csproj", "{6D1AEAF7-9885-4557-9D7A-2B29376A34B4}"
EndProject
Project("{FAE04EC0-301F-11D3-BF4B-00C04F79EFBC}") = "Engine.Render.Contracts", "plugins\engine.render\Engine.Render.Contracts\Engine.Render.Contracts.csproj", "{59C40966-4302-4FD7-8DDB-961C2653D290}"
EndProject
Project("{2150E333-8FDC-42A3-9474-1A3956D46DE8}") = "engine.input", "engine.input", "{A97AE94C-1787-9CBF-B2A1-C74EA1A0F17A}"
EndProject
Project("{FAE04EC0-301F-11D3-BF4B-00C04F79EFBC}") = "Engine.Input.Contracts", "plugins\engine.input\Engine.Input.Contracts\Engine.Input.Contracts.csproj", "{7374240C-A59B-437B-818A-620F7A3B391C}"
EndProject
Project("{FAE04EC0-301F-11D3-BF4B-00C04F79EFBC}") = "Engine.Input", "plugins\engine.input\Engine.Input\Engine.Input.csproj", "{A3784B8F-8782-4B55-807B-1BADD06D5211}"
EndProject
Project("{2150E333-8FDC-42A3-9474-1A3956D46DE8}") = "engine.assets", "engine.assets", "{BBD4296A-8D59-75AB-1261-7E1302A19746}"
EndProject
Project("{FAE04EC0-301F-11D3-BF4B-00C04F79EFBC}") = "Engine.Assets.Contracts", "plugins\engine.assets\Engine.Assets.Contracts\Engine.Assets.Contracts.csproj", "{1F6F4B27-5624-42F8-87A7-A4729FB198E3}"
EndProject
Project("{FAE04EC0-301F-11D3-BF4B-00C04F79EFBC}") = "Engine.Assets", "plugins\engine.assets\Engine.Assets\Engine.Assets.csproj", "{8C2DE8CB-3207-4990-8F6D-87CF31D6CF15}"
EndProject
Project("{FAE04EC0-301F-11D3-BF4B-00C04F79EFBC}") = "Engine.Assets.Tests", "tests\Engine.Assets.Tests\Engine.Assets.Tests.csproj", "{AFAB0A32-2A70-4BCA-8561-5F94B195DFAB}"
EndProject
Project("{2150E333-8FDC-42A3-9474-1A3956D46DE8}") = "engine.editor", "engine.editor", "{8067C66D-9D49-192B-E4C1-1C024401ACE3}"
EndProject
Project("{FAE04EC0-301F-11D3-BF4B-00C04F79EFBC}") = "Engine.Editor.Contracts", "plugins\engine.editor\Engine.Editor.Contracts\Engine.Editor.Contracts.csproj", "{6A2943F1-1984-470D-BD74-C6E16BB77241}"
EndProject
Project("{FAE04EC0-301F-11D3-BF4B-00C04F79EFBC}") = "Engine.Editor", "plugins\engine.editor\Engine.Editor\Engine.Editor.csproj", "{B60A3933-923C-4339-98D1-E4C87A76E80B}"
EndProject
Project("{FAE04EC0-301F-11D3-BF4B-00C04F79EFBC}") = "Engine.Editor.Tests", "tests\Engine.Editor.Tests\Engine.Editor.Tests.csproj", "{7F1CF468-6717-4152-BA95-2DA1E011B6CB}"
EndProject
Project("{2150E333-8FDC-42A3-9474-1A3956D46DE8}") = "engine.physics", "engine.physics", "{5BFA9F87-CB7C-360F-A763-812D3AAB4167}"
EndProject
Project("{FAE04EC0-301F-11D3-BF4B-00C04F79EFBC}") = "Engine.Physics.Contracts", "plugins\engine.physics\Engine.Physics.Contracts\Engine.Physics.Contracts.csproj", "{70BE8EA7-0EF5-4AA1-A6CD-79B7ED4C207D}"
EndProject
Project("{FAE04EC0-301F-11D3-BF4B-00C04F79EFBC}") = "Engine.Physics", "plugins\engine.physics\Engine.Physics\Engine.Physics.csproj", "{A9205D28-762B-49C0-8CFF-8D59BA330786}"
EndProject
Project("{FAE04EC0-301F-11D3-BF4B-00C04F79EFBC}") = "Engine.Physics.Tests", "tests\Engine.Physics.Tests\Engine.Physics.Tests.csproj", "{70245995-311C-4CBE-A433-F4035303BEDB}"
EndProject
Project("{2150E333-8FDC-42A3-9474-1A3956D46DE8}") = "engine.audio", "engine.audio", "{2D4F0C3C-7532-0E50-D9FD-7209344A42BE}"
EndProject
Project("{FAE04EC0-301F-11D3-BF4B-00C04F79EFBC}") = "Engine.Audio.Contracts", "plugins\engine.audio\Engine.Audio.Contracts\Engine.Audio.Contracts.csproj", "{2C2E545D-6937-476D-AC62-F96CEA6403F9}"
EndProject
Project("{FAE04EC0-301F-11D3-BF4B-00C04F79EFBC}") = "Engine.Audio", "plugins\engine.audio\Engine.Audio\Engine.Audio.csproj", "{C9AA2FF3-EB6C-4849-AD9F-9E99EFF30AEB}"
EndProject
Project("{FAE04EC0-301F-11D3-BF4B-00C04F79EFBC}") = "Engine.Audio.Tests", "tests\Engine.Audio.Tests\Engine.Audio.Tests.csproj", "{E610BD6A-A732-4863-8D19-555B75134E13}"
EndProject
Global
	GlobalSection(SolutionConfigurationPlatforms) = preSolution
		Debug|Any CPU = Debug|Any CPU
		Debug|x64 = Debug|x64
		Debug|x86 = Debug|x86
		Release|Any CPU = Release|Any CPU
		Release|x64 = Release|x64
		Release|x86 = Release|x86
	EndGlobalSection
	GlobalSection(ProjectConfigurationPlatforms) = postSolution
		{40297197-30BF-4180-88C9-916E66859E0F}.Debug|Any CPU.ActiveCfg = Debug|Any CPU
		{40297197-30BF-4180-88C9-916E66859E0F}.Debug|Any CPU.Build.0 = Debug|Any CPU
		{40297197-30BF-4180-88C9-916E66859E0F}.Debug|x64.ActiveCfg = Debug|Any CPU
		{40297197-30BF-4180-88C9-916E66859E0F}.Debug|x64.Build.0 = Debug|Any CPU
		{40297197-30BF-4180-88C9-916E66859E0F}.Debug|x86.ActiveCfg = Debug|Any CPU
		{40297197-30BF-4180-88C9-916E66859E0F}.Debug|x86.Build.0 = Debug|Any CPU
		{40297197-30BF-4180-88C9-916E66859E0F}.Release|Any CPU.ActiveCfg = Release|Any CPU
		{40297197-30BF-4180-88C9-916E66859E0F}.Release|Any CPU.Build.0 = Release|Any CPU
		{40297197-30BF-4180-88C9-916E66859E0F}.Release|x64.ActiveCfg = Release|Any CPU
		{40297197-30BF-4180-88C9-916E66859E0F}.Release|x64.Build.0 = Release|Any CPU
		{40297197-30BF-4180-88C9-916E66859E0F}.Release|x86.ActiveCfg = Release|Any CPU
		{40297197-30BF-4180-88C9-916E66859E0F}.Release|x86.Build.0 = Release|Any CPU
		{A12B1299-FAF6-4BC9-A54A-D23F7A6DB6DF}.Debug|Any CPU.ActiveCfg = Debug|Any CPU
		{A12B1299-FAF6-4BC9-A54A-D23F7A6DB6DF}.Debug|Any CPU.Build.0 = Debug|Any CPU
		{A12B1299-FAF6-4BC9-A54A-D23F7A6DB6DF}.Debug|x64.ActiveCfg = Debug|Any CPU
		{A12B1299-FAF6-4BC9-A54A-D23F7A6DB6DF}.Debug|x64.Build.0 = Debug|Any CPU
		{A12B1299-FAF6-4BC9-A54A-D23F7A6DB6DF}.Debug|x86.ActiveCfg = Debug|Any CPU
		{A12B1299-FAF6-4BC9-A54A-D23F7A6DB6DF}.Debug|x86.Build.0 = Debug|Any CPU
		{A12B1299-FAF6-4BC9-A54A-D23F7A6DB6DF}.Release|Any CPU.ActiveCfg = Release|Any CPU
		{A12B1299-FAF6-4BC9-A54A-D23F7A6DB6DF}.Release|Any CPU.Build.0 = Release|Any CPU
		{A12B1299-FAF6-4BC9-A54A-D23F7A6DB6DF}.Release|x64.ActiveCfg = Release|Any CPU
		{A12B1299-FAF6-4BC9-A54A-D23F7A6DB6DF}.Release|x64.Build.0 = Release|Any CPU
		{A12B1299-FAF6-4BC9-A54A-D23F7A6DB6DF}.Release|x86.ActiveCfg = Release|Any CPU
		{A12B1299-FAF6-4BC9-A54A-D23F7A6DB6DF}.Release|x86.Build.0 = Release|Any CPU
		{6CDA3EB0-CC08-48E6-B946-183D31840661}.Debug|Any CPU.ActiveCfg = Debug|Any CPU
		{6CDA3EB0-CC08-48E6-B946-183D31840661}.Debug|Any CPU.Build.0 = Debug|Any CPU
		{6CDA3EB0-CC08-48E6-B946-183D31840661}.Debug|x64.ActiveCfg = Debug|Any CPU
		{6CDA3EB0-CC08-48E6-B946-183D31840661}.Debug|x64.Build.0 = Debug|Any CPU
		{6CDA3EB0-CC08-48E6-B946-183D31840661}.Debug|x86.ActiveCfg = Debug|Any CPU
		{6CDA3EB0-CC08-48E6-B946-183D31840661}.Debug|x86.Build.0 = Debug|Any CPU
		{6CDA3EB0-CC08-48E6-B946-183D31840661}.Release|Any CPU.ActiveCfg = Release|Any CPU
		{6CDA3EB0-CC08-48E6-B946-183D31840661}.Release|Any CPU.Build.0 = Release|Any CPU
		{6CDA3EB0-CC08-48E6-B946-183D31840661}.Release|x64.ActiveCfg = Release|Any CPU
		{6CDA3EB0-CC08-48E6-B946-183D31840661}.Release|x64.Build.0 = Release|Any CPU
		{6CDA3EB0-CC08-48E6-B946-183D31840661}.Release|x86.ActiveCfg = Release|Any CPU
		{6CDA3EB0-CC08-48E6-B946-183D31840661}.Release|x86.Build.0 = Release|Any CPU
		{B0F967C4-B801-4A53-829E-689C2728553A}.Debug|Any CPU.ActiveCfg = Debug|Any CPU
		{B0F967C4-B801-4A53-829E-689C2728553A}.Debug|Any CPU.Build.0 = Debug|Any CPU
		{B0F967C4-B801-4A53-829E-689C2728553A}.Debug|x64.ActiveCfg = Debug|Any CPU
		{B0F967C4-B801-4A53-829E-689C2728553A}.Debug|x64.Build.0 = Debug|Any CPU
		{B0F967C4-B801-4A53-829E-689C2728553A}.Debug|x86.ActiveCfg = Debug|Any CPU
		{B0F967C4-B801-4A53-829E-689C2728553A}.Debug|x86.Build.0 = Debug|Any CPU
		{B0F967C4-B801-4A53-829E-689C2728553A}.Release|Any CPU.ActiveCfg = Release|Any CPU
		{B0F967C4-B801-4A53-829E-689C2728553A}.Release|Any CPU.Build.0 = Release|Any CPU
		{B0F967C4-B801-4A53-829E-689C2728553A}.Release|x64.ActiveCfg = Release|Any CPU
		{B0F967C4-B801-4A53-829E-689C2728553A}.Release|x64.Build.0 = Release|Any CPU
		{B0F967C4-B801-4A53-829E-689C2728553A}.Release|x86.ActiveCfg = Release|Any CPU
		{B0F967C4-B801-4A53-829E-689C2728553A}.Release|x86.Build.0 = Release|Any CPU
		{D7C61E35-8805-4C28-B3D7-084D8FBC6820}.Debug|Any CPU.ActiveCfg = Debug|Any CPU
		{D7C61E35-8805-4C28-B3D7-084D8FBC6820}.Debug|Any CPU.Build.0 = Debug|Any CPU
		{D7C61E35-8805-4C28-B3D7-084D8FBC6820}.Debug|x64.ActiveCfg = Debug|Any CPU
		{D7C61E35-8805-4C28-B3D7-084D8FBC6820}.Debug|x64.Build.0 = Debug|Any CPU
		{D7C61E35-8805-4C28-B3D7-084D8FBC6820}.Debug|x86.ActiveCfg = Debug|Any CPU
		{D7C61E35-8805-4C28-B3D7-084D8FBC6820}.Debug|x86.Build.0 = Debug|Any CPU
		{D7C61E35-8805-4C28-B3D7-084D8FBC6820}.Release|Any CPU.ActiveCfg = Release|Any CPU
		{D7C61E35-8805-4C28-B3D7-084D8FBC6820}.Release|Any CPU.Build.0 = Release|Any CPU
		{D7C61E35-8805-4C28-B3D7-084D8FBC6820}.Release|x64.ActiveCfg = Release|Any CPU
		{D7C61E35-8805-4C28-B3D7-084D8FBC6820}.Release|x64.Build.0 = Release|Any CPU
		{D7C61E35-8805-4C28-B3D7-084D8FBC6820}.Release|x86.ActiveCfg = Release|Any CPU
		{D7C61E35-8805-4C28-B3D7-084D8FBC6820}.Release|x86.Build.0 = Release|Any CPU
		{C9725988-61CD-4EFC-A3DD-F7F42B3C4B2D}.Debug|Any CPU.ActiveCfg = Debug|Any CPU
		{C9725988-61CD-4EFC-A3DD-F7F42B3C4B2D}.Debug|Any CPU.Build.0 = Debug|Any CPU
		{C9725988-61CD-4EFC-A3DD-F7F42B3C4B2D}.Debug|x64.ActiveCfg = Debug|Any CPU
		{C9725988-61CD-4EFC-A3DD-F7F42B3C4B2D}.Debug|x64.Build.0 = Debug|Any CPU
		{C9725988-61CD-4EFC-A3DD-F7F42B3C4B2D}.Debug|x86.ActiveCfg = Debug|Any CPU
		{C9725988-61CD-4EFC-A3DD-F7F42B3C4B2D}.Debug|x86.Build.0 = Debug|Any CPU
		{C9725988-61CD-4EFC-A3DD-F7F42B3C4B2D}.Release|Any CPU.ActiveCfg = Release|Any CPU
		{C9725988-61CD-4EFC-A3DD-F7F42B3C4B2D}.Release|Any CPU.Build.0 = Release|Any CPU
		{C9725988-61CD-4EFC-A3DD-F7F42B3C4B2D}.Release|x64.ActiveCfg = Release|Any CPU
		{C9725988-61CD-4EFC-A3DD-F7F42B3C4B2D}.Release|x64.Build.0 = Release|Any CPU
		{C9725988-61CD-4EFC-A3DD-F7F42B3C4B2D}.Release|x86.ActiveCfg = Release|Any CPU
		{C9725988-61CD-4EFC-A3DD-F7F42B3C4B2D}.Release|x86.Build.0 = Release|Any CPU
		{AE132341-387B-4C5F-A428-9D3AEC57F44F}.Debug|Any CPU.ActiveCfg = Debug|Any CPU
		{AE132341-387B-4C5F-A428-9D3AEC57F44F}.Debug|Any CPU.Build.0 = Debug|Any CPU
		{AE132341-387B-4C5F-A428-9D3AEC57F44F}.Debug|x64.ActiveCfg = Debug|Any CPU
		{AE132341-387B-4C5F-A428-9D3AEC57F44F}.Debug|x64.Build.0 = Debug|Any CPU
		{AE132341-387B-4C5F-A428-9D3AEC57F44F}.Debug|x86.ActiveCfg = Debug|Any CPU
		{AE132341-387B-4C5F-A428-9D3AEC57F44F}.Debug|x86.Build.0 = Debug|Any CPU
		{AE132341-387B-4C5F-A428-9D3AEC57F44F}.Release|Any CPU.ActiveCfg = Release|Any CPU
		{AE132341-387B-4C5F-A428-9D3AEC57F44F}.Release|Any CPU.Build.0 = Release|Any CPU
		{AE132341-387B-4C5F-A428-9D3AEC57F44F}.Release|x64.ActiveCfg = Release|Any CPU
		{AE132341-387B-4C5F-A428-9D3AEC57F44F}.Release|x64.Build.0 = Release|Any CPU
		{AE132341-387B-4C5F-A428-9D3AEC57F44F}.Release|x86.ActiveCfg = Release|Any CPU
		{AE132341-387B-4C5F-A428-9D3AEC57F44F}.Release|x86.Build.0 = Release|Any CPU
		{AEE3E4F9-CC35-40C6-88A9-3C401F69BA08}.Debug|Any CPU.ActiveCfg = Debug|Any CPU
		{AEE3E4F9-CC35-40C6-88A9-3C401F69BA08}.Debug|Any CPU.Build.0 = Debug|Any CPU
		{AEE3E4F9-CC35-40C6-88A9-3C401F69BA08}.Debug|x64.ActiveCfg = Debug|Any CPU
		{AEE3E4F9-CC35-40C6-88A9-3C401F69BA08}.Debug|x64.Build.0 = Debug|Any CPU
		{AEE3E4F9-CC35-40C6-88A9-3C401F69BA08}.Debug|x86.ActiveCfg = Debug|Any CPU
		{AEE3E4F9-CC35-40C6-88A9-3C401F69BA08}.Debug|x86.Build.0 = Debug|Any CPU
		{AEE3E4F9-CC35-40C6-88A9-3C401F69BA08}.Release|Any CPU.ActiveCfg = Release|Any CPU
		{AEE3E4F9-CC35-40C6-88A9-3C401F69BA08}.Release|Any CPU.Build.0 = Release|Any CPU
		{AEE3E4F9-CC35-40C6-88A9-3C401F69BA08}.Release|x64.ActiveCfg = Release|Any CPU
		{AEE3E4F9-CC35-40C6-88A9-3C401F69BA08}.Release|x64.Build.0 = Release|Any CPU
		{AEE3E4F9-CC35-40C6-88A9-3C401F69BA08}.Release|x86.ActiveCfg = Release|Any CPU
		{AEE3E4F9-CC35-40C6-88A9-3C401F69BA08}.Release|x86.Build.0 = Release|Any CPU
		{6D1AEAF7-9885-4557-9D7A-2B29376A34B4}.Debug|Any CPU.ActiveCfg = Debug|Any CPU
		{6D1AEAF7-9885-4557-9D7A-2B29376A34B4}.Debug|Any CPU.Build.0 = Debug|Any CPU
		{6D1AEAF7-9885-4557-9D7A-2B29376A34B4}.Debug|x64.ActiveCfg = Debug|Any CPU
		{6D1AEAF7-9885-4557-9D7A-2B29376A34B4}.Debug|x64.Build.0 = Debug|Any CPU
		{6D1AEAF7-9885-4557-9D7A-2B29376A34B4}.Debug|x86.ActiveCfg = Debug|Any CPU
		{6D1AEAF7-9885-4557-9D7A-2B29376A34B4}.Debug|x86.Build.0 = Debug|Any CPU
		{6D1AEAF7-9885-4557-9D7A-2B29376A34B4}.Release|Any CPU.ActiveCfg = Release|Any CPU
		{6D1AEAF7-9885-4557-9D7A-2B29376A34B4}.Release|Any CPU.Build.0 = Release|Any CPU
		{6D1AEAF7-9885-4557-9D7A-2B29376A34B4}.Release|x64.ActiveCfg = Release|Any CPU
		{6D1AEAF7-9885-4557-9D7A-2B29376A34B4}.Release|x64.Build.0 = Release|Any CPU
		{6D1AEAF7-9885-4557-9D7A-2B29376A34B4}.Release|x86.ActiveCfg = Release|Any CPU
		{6D1AEAF7-9885-4557-9D7A-2B29376A34B4}.Release|x86.Build.0 = Release|Any CPU
		{59C40966-4302-4FD7-8DDB-961C2653D290}.Debug|Any CPU.ActiveCfg = Debug|Any CPU
		{59C40966-4302-4FD7-8DDB-961C2653D290}.Debug|Any CPU.Build.0 = Debug|Any CPU
		{59C40966-4302-4FD7-8DDB-961C2653D290}.Debug|x64.ActiveCfg = Debug|Any CPU
		{59C40966-4302-4FD7-8DDB-961C2653D290}.Debug|x64.Build.0 = Debug|Any CPU
		{59C40966-4302-4FD7-8DDB-961C2653D290}.Debug|x86.ActiveCfg = Debug|Any CPU
		{59C40966-4302-4FD7-8DDB-961C2653D290}.Debug|x86.Build.0 = Debug|Any CPU
		{59C40966-4302-4FD7-8DDB-961C2653D290}.Release|Any CPU.ActiveCfg = Release|Any CPU
		{59C40966-4302-4FD7-8DDB-961C2653D290}.Release|Any CPU.Build.0 = Release|Any CPU
		{59C40966-4302-4FD7-8DDB-961C2653D290}.Release|x64.ActiveCfg = Release|Any CPU
		{59C40966-4302-4FD7-8DDB-961C2653D290}.Release|x64.Build.0 = Release|Any CPU
		{59C40966-4302-4FD7-8DDB-961C2653D290}.Release|x86.ActiveCfg = Release|Any CPU
		{59C40966-4302-4FD7-8DDB-961C2653D290}.Release|x86.Build.0 = Release|Any CPU
		{7374240C-A59B-437B-818A-620F7A3B391C}.Debug|Any CPU.ActiveCfg = Debug|Any CPU
		{7374240C-A59B-437B-818A-620F7A3B391C}.Debug|Any CPU.Build.0 = Debug|Any CPU
		{7374240C-A59B-437B-818A-620F7A3B391C}.Debug|x64.ActiveCfg = Debug|Any CPU
		{7374240C-A59B-437B-818A-620F7A3B391C}.Debug|x64.Build.0 = Debug|Any CPU
		{7374240C-A59B-437B-818A-620F7A3B391C}.Debug|x86.ActiveCfg = Debug|Any CPU
		{7374240C-A59B-437B-818A-620F7A3B391C}.Debug|x86.Build.0 = Debug|Any CPU
		{7374240C-A59B-437B-818A-620F7A3B391C}.Release|Any CPU.ActiveCfg = Release|Any CPU
		{7374240C-A59B-437B-818A-620F7A3B391C}.Release|Any CPU.Build.0 = Release|Any CPU
		{7374240C-A59B-437B-818A-620F7A3B391C}.Release|x64.ActiveCfg = Release|Any CPU
		{7374240C-A59B-437B-818A-620F7A3B391C}.Release|x64.Build.0 = Release|Any CPU
		{7374240C-A59B-437B-818A-620F7A3B391C}.Release|x86.ActiveCfg = Release|Any CPU
		{7374240C-A59B-437B-818A-620F7A3B391C}.Release|x86.Build.0 = Release|Any CPU
		{A3784B8F-8782-4B55-807B-1BADD06D5211}.Debug|Any CPU.ActiveCfg = Debug|Any CPU
		{A3784B8F-8782-4B55-807B-1BADD06D5211}.Debug|Any CPU.Build.0 = Debug|Any CPU
		{A3784B8F-8782-4B55-807B-1BADD06D5211}.Debug|x64.ActiveCfg = Debug|Any CPU
		{A3784B8F-8782-4B55-807B-1BADD06D5211}.Debug|x64.Build.0 = Debug|Any CPU
		{A3784B8F-8782-4B55-807B-1BADD06D5211}.Debug|x86.ActiveCfg = Debug|Any CPU
		{A3784B8F-8782-4B55-807B-1BADD06D5211}.Debug|x86.Build.0 = Debug|Any CPU
		{A3784B8F-8782-4B55-807B-1BADD06D5211}.Release|Any CPU.ActiveCfg = Release|Any CPU
		{A3784B8F-8782-4B55-807B-1BADD06D5211}.Release|Any CPU.Build.0 = Release|Any CPU
		{A3784B8F-8782-4B55-807B-1BADD06D5211}.Release|x64.ActiveCfg = Release|Any CPU
		{A3784B8F-8782-4B55-807B-1BADD06D5211}.Release|x64.Build.0 = Release|Any CPU
		{A3784B8F-8782-4B55-807B-1BADD06D5211}.Release|x86.ActiveCfg = Release|Any CPU
		{A3784B8F-8782-4B55-807B-1BADD06D5211}.Release|x86.Build.0 = Release|Any CPU
		{1F6F4B27-5624-42F8-87A7-A4729FB198E3}.Debug|Any CPU.ActiveCfg = Debug|Any CPU
		{1F6F4B27-5624-42F8-87A7-A4729FB198E3}.Debug|Any CPU.Build.0 = Debug|Any CPU
		{1F6F4B27-5624-42F8-87A7-A4729FB198E3}.Debug|x64.ActiveCfg = Debug|Any CPU
		{1F6F4B27-5624-42F8-87A7-A4729FB198E3}.Debug|x64.Build.0 = Debug|Any CPU
		{1F6F4B27-5624-42F8-87A7-A4729FB198E3}.Debug|x86.ActiveCfg = Debug|Any CPU
		{1F6F4B27-5624-42F8-87A7-A4729FB198E3}.Debug|x86.Build.0 = Debug|Any CPU
		{1F6F4B27-5624-42F8-87A7-A4729FB198E3}.Release|Any CPU.ActiveCfg = Release|Any CPU
		{1F6F4B27-5624-42F8-87A7-A4729FB198E3}.Release|Any CPU.Build.0 = Release|Any CPU
		{1F6F4B27-5624-42F8-87A7-A4729FB198E3}.Release|x64.ActiveCfg = Release|Any CPU
		{1F6F4B27-5624-42F8-87A7-A4729FB198E3}.Release|x64.Build.0 = Release|Any CPU
		{1F6F4B27-5624-42F8-87A7-A4729FB198E3}.Release|x86.ActiveCfg = Release|Any CPU
		{1F6F4B27-5624-42F8-87A7-A4729FB198E3}.Release|x86.Build.0 = Release|Any CPU
		{8C2DE8CB-3207-4990-8F6D-87CF31D6CF15}.Debug|Any CPU.ActiveCfg = Debug|Any CPU
		{8C2DE8CB-3207-4990-8F6D-87CF31D6CF15}.Debug|Any CPU.Build.0 = Debug|Any CPU
		{8C2DE8CB-3207-4990-8F6D-87CF31D6CF15}.Debug|x64.ActiveCfg = Debug|Any CPU
		{8C2DE8CB-3207-4990-8F6D-87CF31D6CF15}.Debug|x64.Build.0 = Debug|Any CPU
		{8C2DE8CB-3207-4990-8F6D-87CF31D6CF15}.Debug|x86.ActiveCfg = Debug|Any CPU
		{8C2DE8CB-3207-4990-8F6D-87CF31D6CF15}.Debug|x86.Build.0 = Debug|Any CPU
		{8C2DE8CB-3207-4990-8F6D-87CF31D6CF15}.Release|Any CPU.ActiveCfg = Release|Any CPU
		{8C2DE8CB-3207-4990-8F6D-87CF31D6CF15}.Release|Any CPU.Build.0 = Release|Any CPU
		{8C2DE8CB-3207-4990-8F6D-87CF31D6CF15}.Release|x64.ActiveCfg = Release|Any CPU
		{8C2DE8CB-3207-4990-8F6D-87CF31D6CF15}.Release|x64.Build.0 = Release|Any CPU
		{8C2DE8CB-3207-4990-8F6D-87CF31D6CF15}.Release|x86.ActiveCfg = Release|Any CPU
		{8C2DE8CB-3207-4990-8F6D-87CF31D6CF15}.Release|x86.Build.0 = Release|Any CPU
		{AFAB0A32-2A70-4BCA-8561-5F94B195DFAB}.Debug|Any CPU.ActiveCfg = Debug|Any CPU
		{AFAB0A32-2A70-4BCA-8561-5F94B195DFAB}.Debug|Any CPU.Build.0 = Debug|Any CPU
		{AFAB0A32-2A70-4BCA-8561-5F94B195DFAB}.Debug|x64.ActiveCfg = Debug|Any CPU
		{AFAB0A32-2A70-4BCA-8561-5F94B195DFAB}.Debug|x64.Build.0 = Debug|Any CPU
		{AFAB0A32-2A70-4BCA-8561-5F94B195DFAB}.Debug|x86.ActiveCfg = Debug|Any CPU
		{AFAB0A32-2A70-4BCA-8561-5F94B195DFAB}.Debug|x86.Build.0 = Debug|Any CPU
		{AFAB0A32-2A70-4BCA-8561-5F94B195DFAB}.Release|Any CPU.ActiveCfg = Release|Any CPU
		{AFAB0A32-2A70-4BCA-8561-5F94B195DFAB}.Release|Any CPU.Build.0 = Release|Any CPU
		{AFAB0A32-2A70-4BCA-8561-5F94B195DFAB}.Release|x64.ActiveCfg = Release|Any CPU
		{AFAB0A32-2A70-4BCA-8561-5F94B195DFAB}.Release|x64.Build.0 = Release|Any CPU
		{AFAB0A32-2A70-4BCA-8561-5F94B195DFAB}.Release|x86.ActiveCfg = Release|Any CPU
		{AFAB0A32-2A70-4BCA-8561-5F94B195DFAB}.Release|x86.Build.0 = Release|Any CPU
		{6A2943F1-1984-470D-BD74-C6E16BB77241}.Debug|Any CPU.ActiveCfg = Debug|Any CPU
		{6A2943F1-1984-470D-BD74-C6E16BB77241}.Debug|Any CPU.Build.0 = Debug|Any CPU
		{6A2943F1-1984-470D-BD74-C6E16BB77241}.Debug|x64.ActiveCfg = Debug|Any CPU
		{6A2943F1-1984-470D-BD74-C6E16BB77241}.Debug|x64.Build.0 = Debug|Any CPU
		{6A2943F1-1984-470D-BD74-C6E16BB77241}.Debug|x86.ActiveCfg = Debug|Any CPU
		{6A2943F1-1984-470D-BD74-C6E16BB77241}.Debug|x86.Build.0 = Debug|Any CPU
		{6A2943F1-1984-470D-BD74-C6E16BB77241}.Release|Any CPU.ActiveCfg = Release|Any CPU
		{6A2943F1-1984-470D-BD74-C6E16BB77241}.Release|Any CPU.Build.0 = Release|Any CPU
		{6A2943F1-1984-470D-BD74-C6E16BB77241}.Release|x64.ActiveCfg = Release|Any CPU
		{6A2943F1-1984-470D-BD74-C6E16BB77241}.Release|x64.Build.0 = Release|Any CPU
		{6A2943F1-1984-470D-BD74-C6E16BB77241}.Release|x86.ActiveCfg = Release|Any CPU
		{6A2943F1-1984-470D-BD74-C6E16BB77241}.Release|x86.Build.0 = Release|Any CPU
		{B60A3933-923C-4339-98D1-E4C87A76E80B}.Debug|Any CPU.ActiveCfg = Debug|Any CPU
		{B60A3933-923C-4339-98D1-E4C87A76E80B}.Debug|Any CPU.Build.0 = Debug|Any CPU
		{B60A3933-923C-4339-98D1-E4C87A76E80B}.Debug|x64.ActiveCfg = Debug|Any CPU
		{B60A3933-923C-4339-98D1-E4C87A76E80B}.Debug|x64.Build.0 = Debug|Any CPU
		{B60A3933-923C-4339-98D1-E4C87A76E80B}.Debug|x86.ActiveCfg = Debug|Any CPU
		{B60A3933-923C-4339-98D1-E4C87A76E80B}.Debug|x86.Build.0 = Debug|Any CPU
		{B60A3933-923C-4339-98D1-E4C87A76E80B}.Release|Any CPU.ActiveCfg = Release|Any CPU
		{B60A3933-923C-4339-98D1-E4C87A76E80B}.Release|Any CPU.Build.0 = Release|Any CPU
		{B60A3933-923C-4339-98D1-E4C87A76E80B}.Release|x64.ActiveCfg = Release|Any CPU
		{B60A3933-923C-4339-98D1-E4C87A76E80B}.Release|x64.Build.0 = Release|Any CPU
		{B60A3933-923C-4339-98D1-E4C87A76E80B}.Release|x86.ActiveCfg = Release|Any CPU
		{B60A3933-923C-4339-98D1-E4C87A76E80B}.Release|x86.Build.0 = Release|Any CPU
		{7F1CF468-6717-4152-BA95-2DA1E011B6CB}.Debug|Any CPU.ActiveCfg = Debug|Any CPU
		{7F1CF468-6717-4152-BA95-2DA1E011B6CB}.Debug|Any CPU.Build.0 = Debug|Any CPU
		{7F1CF468-6717-4152-BA95-2DA1E011B6CB}.Debug|x64.ActiveCfg = Debug|Any CPU
		{7F1CF468-6717-4152-BA95-2DA1E011B6CB}.Debug|x64.Build.0 = Debug|Any CPU
		{7F1CF468-6717-4152-BA95-2DA1E011B6CB}.Debug|x86.ActiveCfg = Debug|Any CPU
		{7F1CF468-6717-4152-BA95-2DA1E011B6CB}.Debug|x86.Build.0 = Debug|Any CPU
		{7F1CF468-6717-4152-BA95-2DA1E011B6CB}.Release|Any CPU.ActiveCfg = Release|Any CPU
		{7F1CF468-6717-4152-BA95-2DA1E011B6CB}.Release|Any CPU.Build.0 = Release|Any CPU
		{7F1CF468-6717-4152-BA95-2DA1E011B6CB}.Release|x64.ActiveCfg = Release|Any CPU
		{7F1CF468-6717-4152-BA95-2DA1E011B6CB}.Release|x64.Build.0 = Release|Any CPU
		{7F1CF468-6717-4152-BA95-2DA1E011B6CB}.Release|x86.ActiveCfg = Release|Any CPU
		{7F1CF468-6717-4152-BA95-2DA1E011B6CB}.Release|x86.Build.0 = Release|Any CPU
		{70BE8EA7-0EF5-4AA1-A6CD-79B7ED4C207D}.Debug|Any CPU.ActiveCfg = Debug|Any CPU
		{70BE8EA7-0EF5-4AA1-A6CD-79B7ED4C207D}.Debug|Any CPU.Build.0 = Debug|Any CPU
		{70BE8EA7-0EF5-4AA1-A6CD-79B7ED4C207D}.Debug|x64.ActiveCfg = Debug|Any CPU
		{70BE8EA7-0EF5-4AA1-A6CD-79B7ED4C207D}.Debug|x64.Build.0 = Debug|Any CPU
		{70BE8EA7-0EF5-4AA1-A6CD-79B7ED4C207D}.Debug|x86.ActiveCfg = Debug|Any CPU
		{70BE8EA7-0EF5-4AA1-A6CD-79B7ED4C207D}.Debug|x86.Build.0 = Debug|Any CPU
		{70BE8EA7-0EF5-4AA1-A6CD-79B7ED4C207D}.Release|Any CPU.ActiveCfg = Release|Any CPU
		{70BE8EA7-0EF5-4AA1-A6CD-79B7ED4C207D}.Release|Any CPU.Build.0 = Release|Any CPU
		{70BE8EA7-0EF5-4AA1-A6CD-79B7ED4C207D}.Release|x64.ActiveCfg = Release|Any CPU
		{70BE8EA7-0EF5-4AA1-A6CD-79B7ED4C207D}.Release|x64.Build.0 = Release|Any CPU
		{70BE8EA7-0EF5-4AA1-A6CD-79B7ED4C207D}.Release|x86.ActiveCfg = Release|Any CPU
		{70BE8EA7-0EF5-4AA1-A6CD-79B7ED4C207D}.Release|x86.Build.0 = Release|Any CPU
		{A9205D28-762B-49C0-8CFF-8D59BA330786}.Debug|Any CPU.ActiveCfg = Debug|Any CPU
		{A9205D28-762B-49C0-8CFF-8D59BA330786}.Debug|Any CPU.Build.0 = Debug|Any CPU
		{A9205D28-762B-49C0-8CFF-8D59BA330786}.Debug|x64.ActiveCfg = Debug|Any CPU
		{A9205D28-762B-49C0-8CFF-8D59BA330786}.Debug|x64.Build.0 = Debug|Any CPU
		{A9205D28-762B-49C0-8CFF-8D59BA330786}.Debug|x86.ActiveCfg = Debug|Any CPU
		{A9205D28-762B-49C0-8CFF-8D59BA330786}.Debug|x86.Build.0 = Debug|Any CPU
		{A9205D28-762B-49C0-8CFF-8D59BA330786}.Release|Any CPU.ActiveCfg = Release|Any CPU
		{A9205D28-762B-49C0-8CFF-8D59BA330786}.Release|Any CPU.Build.0 = Release|Any CPU
		{A9205D28-762B-49C0-8CFF-8D59BA330786}.Release|x64.ActiveCfg = Release|Any CPU
		{A9205D28-762B-49C0-8CFF-8D59BA330786}.Release|x64.Build.0 = Release|Any CPU
		{A9205D28-762B-49C0-8CFF-8D59BA330786}.Release|x86.ActiveCfg = Release|Any CPU
		{A9205D28-762B-49C0-8CFF-8D59BA330786}.Release|x86.Build.0 = Release|Any CPU
		{70245995-311C-4CBE-A433-F4035303BEDB}.Debug|Any CPU.ActiveCfg = Debug|Any CPU
		{70245995-311C-4CBE-A433-F4035303BEDB}.Debug|Any CPU.Build.0 = Debug|Any CPU
		{70245995-311C-4CBE-A433-F4035303BEDB}.Debug|x64.ActiveCfg = Debug|Any CPU
		{70245995-311C-4CBE-A433-F4035303BEDB}.Debug|x64.Build.0 = Debug|Any CPU
		{70245995-311C-4CBE-A433-F4035303BEDB}.Debug|x86.ActiveCfg = Debug|Any CPU
		{70245995-311C-4CBE-A433-F4035303BEDB}.Debug|x86.Build.0 = Debug|Any CPU
		{70245995-311C-4CBE-A433-F4035303BEDB}.Release|Any CPU.ActiveCfg = Release|Any CPU
		{70245995-311C-4CBE-A433-F4035303BEDB}.Release|Any CPU.Build.0 = Release|Any CPU
		{70245995-311C-4CBE-A433-F4035303BEDB}.Release|x64.ActiveCfg = Release|Any CPU
		{70245995-311C-4CBE-A433-F4035303BEDB}.Release|x64.Build.0 = Release|Any CPU
		{70245995-311C-4CBE-A433-F4035303BEDB}.Release|x86.ActiveCfg = Release|Any CPU
		{70245995-311C-4CBE-A433-F4035303BEDB}.Release|x86.Build.0 = Release|Any CPU
		{2C2E545D-6937-476D-AC62-F96CEA6403F9}.Debug|Any CPU.ActiveCfg = Debug|Any CPU
		{2C2E545D-6937-476D-AC62-F96CEA6403F9}.Debug|Any CPU.Build.0 = Debug|Any CPU
		{2C2E545D-6937-476D-AC62-F96CEA6403F9}.Debug|x64.ActiveCfg = Debug|Any CPU
		{2C2E545D-6937-476D-AC62-F96CEA6403F9}.Debug|x64.Build.0 = Debug|Any CPU
		{2C2E545D-6937-476D-AC62-F96CEA6403F9}.Debug|x86.ActiveCfg = Debug|Any CPU
		{2C2E545D-6937-476D-AC62-F96CEA6403F9}.Debug|x86.Build.0 = Debug|Any CPU
		{2C2E545D-6937-476D-AC62-F96CEA6403F9}.Release|Any CPU.ActiveCfg = Release|Any CPU
		{2C2E545D-6937-476D-AC62-F96CEA6403F9}.Release|Any CPU.Build.0 = Release|Any CPU
		{2C2E545D-6937-476D-AC62-F96CEA6403F9}.Release|x64.ActiveCfg = Release|Any CPU
		{2C2E545D-6937-476D-AC62-F96CEA6403F9}.Release|x64.Build.0 = Release|Any CPU
		{2C2E545D-6937-476D-AC62-F96CEA6403F9}.Release|x86.ActiveCfg = Release|Any CPU
		{2C2E545D-6937-476D-AC62-F96CEA6403F9}.Release|x86.Build.0 = Release|Any CPU
		{C9AA2FF3-EB6C-4849-AD9F-9E99EFF30AEB}.Debug|Any CPU.ActiveCfg = Debug|Any CPU
		{C9AA2FF3-EB6C-4849-AD9F-9E99EFF30AEB}.Debug|Any CPU.Build.0 = Debug|Any CPU
		{C9AA2FF3-EB6C-4849-AD9F-9E99EFF30AEB}.Debug|x64.ActiveCfg = Debug|Any CPU
		{C9AA2FF3-EB6C-4849-AD9F-9E99EFF30AEB}.Debug|x64.Build.0 = Debug|Any CPU
		{C9AA2FF3-EB6C-4849-AD9F-9E99EFF30AEB}.Debug|x86.ActiveCfg = Debug|Any CPU
		{C9AA2FF3-EB6C-4849-AD9F-9E99EFF30AEB}.Debug|x86.Build.0 = Debug|Any CPU
		{C9AA2FF3-EB6C-4849-AD9F-9E99EFF30AEB}.Release|Any CPU.ActiveCfg = Release|Any CPU
		{C9AA2FF3-EB6C-4849-AD9F-9E99EFF30AEB}.Release|Any CPU.Build.0 = Release|Any CPU
		{C9AA2FF3-EB6C-4849-AD9F-9E99EFF30AEB}.Release|x64.ActiveCfg = Release|Any CPU
		{C9AA2FF3-EB6C-4849-AD9F-9E99EFF30AEB}.Release|x64.Build.0 = Release|Any CPU
		{C9AA2FF3-EB6C-4849-AD9F-9E99EFF30AEB}.Release|x86.ActiveCfg = Release|Any CPU
		{C9AA2FF3-EB6C-4849-AD9F-9E99EFF30AEB}.Release|x86.Build.0 = Release|Any CPU
		{E610BD6A-A732-4863-8D19-555B75134E13}.Debug|Any CPU.ActiveCfg = Debug|Any CPU
		{E610BD6A-A732-4863-8D19-555B75134E13}.Debug|Any CPU.Build.0 = Debug|Any CPU
		{E610BD6A-A732-4863-8D19-555B75134E13}.Debug|x64.ActiveCfg = Debug|Any CPU
		{E610BD6A-A732-4863-8D19-555B75134E13}.Debug|x64.Build.0 = Debug|Any CPU
		{E610BD6A-A732-4863-8D19-555B75134E13}.Debug|x86.ActiveCfg = Debug|Any CPU
		{E610BD6A-A732-4863-8D19-555B75134E13}.Debug|x86.Build.0 = Debug|Any CPU
		{E610BD6A-A732-4863-8D19-555B75134E13}.Release|Any CPU.ActiveCfg = Release|Any CPU
		{E610BD6A-A732-4863-8D19-555B75134E13}.Release|Any CPU.Build.0 = Release|Any CPU
		{E610BD6A-A732-4863-8D19-555B75134E13}.Release|x64.ActiveCfg = Release|Any CPU
		{E610BD6A-A732-4863-8D19-555B75134E13}.Release|x64.Build.0 = Release|Any CPU
		{E610BD6A-A732-4863-8D19-555B75134E13}.Release|x86.ActiveCfg = Release|Any CPU
		{E610BD6A-A732-4863-8D19-555B75134E13}.Release|x86.Build.0 = Release|Any CPU
	EndGlobalSection
	GlobalSection(SolutionProperties) = preSolution
		HideSolutionNode = FALSE
	EndGlobalSection
	GlobalSection(NestedProjects) = preSolution
		{40297197-30BF-4180-88C9-916E66859E0F} = {827E0CD3-B72D-47B6-A68D-7590B98EB39B}
		{A12B1299-FAF6-4BC9-A54A-D23F7A6DB6DF} = {827E0CD3-B72D-47B6-A68D-7590B98EB39B}
		{5277871D-FD82-4E0F-9994-47CB654DDE62} = {07D57EEB-2F50-60C4-C011-FE4FA775C9A8}
		{6CDA3EB0-CC08-48E6-B946-183D31840661} = {5277871D-FD82-4E0F-9994-47CB654DDE62}
		{B0F967C4-B801-4A53-829E-689C2728553A} = {5277871D-FD82-4E0F-9994-47CB654DDE62}
		{D7C61E35-8805-4C28-B3D7-084D8FBC6820} = {0AB3BF05-4346-4AA6-1389-037BE0695223}
		{C9725988-61CD-4EFC-A3DD-F7F42B3C4B2D} = {0AB3BF05-4346-4AA6-1389-037BE0695223}
		{E4E5DDBB-4FEB-AC72-3CEB-8E5D71B29053} = {07D57EEB-2F50-60C4-C011-FE4FA775C9A8}
		{AE132341-387B-4C5F-A428-9D3AEC57F44F} = {E4E5DDBB-4FEB-AC72-3CEB-8E5D71B29053}
		{AEE3E4F9-CC35-40C6-88A9-3C401F69BA08} = {E4E5DDBB-4FEB-AC72-3CEB-8E5D71B29053}
		{4B0CEF17-61C3-056D-753F-1CA96E0E17CD} = {07D57EEB-2F50-60C4-C011-FE4FA775C9A8}
		{6D1AEAF7-9885-4557-9D7A-2B29376A34B4} = {4B0CEF17-61C3-056D-753F-1CA96E0E17CD}
		{59C40966-4302-4FD7-8DDB-961C2653D290} = {4B0CEF17-61C3-056D-753F-1CA96E0E17CD}
		{A97AE94C-1787-9CBF-B2A1-C74EA1A0F17A} = {07D57EEB-2F50-60C4-C011-FE4FA775C9A8}
		{7374240C-A59B-437B-818A-620F7A3B391C} = {A97AE94C-1787-9CBF-B2A1-C74EA1A0F17A}
		{A3784B8F-8782-4B55-807B-1BADD06D5211} = {A97AE94C-1787-9CBF-B2A1-C74EA1A0F17A}
		{BBD4296A-8D59-75AB-1261-7E1302A19746} = {07D57EEB-2F50-60C4-C011-FE4FA775C9A8}
		{1F6F4B27-5624-42F8-87A7-A4729FB198E3} = {BBD4296A-8D59-75AB-1261-7E1302A19746}
		{8C2DE8CB-3207-4990-8F6D-87CF31D6CF15} = {BBD4296A-8D59-75AB-1261-7E1302A19746}
		{AFAB0A32-2A70-4BCA-8561-5F94B195DFAB} = {0AB3BF05-4346-4AA6-1389-037BE0695223}
		{8067C66D-9D49-192B-E4C1-1C024401ACE3} = {07D57EEB-2F50-60C4-C011-FE4FA775C9A8}
		{6A2943F1-1984-470D-BD74-C6E16BB77241} = {8067C66D-9D49-192B-E4C1-1C024401ACE3}
		{B60A3933-923C-4339-98D1-E4C87A76E80B} = {8067C66D-9D49-192B-E4C1-1C024401ACE3}
		{7F1CF468-6717-4152-BA95-2DA1E011B6CB} = {0AB3BF05-4346-4AA6-1389-037BE0695223}
		{5BFA9F87-CB7C-360F-A763-812D3AAB4167} = {07D57EEB-2F50-60C4-C011-FE4FA775C9A8}
		{70BE8EA7-0EF5-4AA1-A6CD-79B7ED4C207D} = {5BFA9F87-CB7C-360F-A763-812D3AAB4167}
		{A9205D28-762B-49C0-8CFF-8D59BA330786} = {5BFA9F87-CB7C-360F-A763-812D3AAB4167}
		{70245995-311C-4CBE-A433-F4035303BEDB} = {0AB3BF05-4346-4AA6-1389-037BE0695223}
		{2D4F0C3C-7532-0E50-D9FD-7209344A42BE} = {07D57EEB-2F50-60C4-C011-FE4FA775C9A8}
		{2C2E545D-6937-476D-AC62-F96CEA6403F9} = {2D4F0C3C-7532-0E50-D9FD-7209344A42BE}
		{C9AA2FF3-EB6C-4849-AD9F-9E99EFF30AEB} = {2D4F0C3C-7532-0E50-D9FD-7209344A42BE}
		{E610BD6A-A732-4863-8D19-555B75134E13} = {2D4F0C3C-7532-0E50-D9FD-7209344A42BE}
	EndGlobalSection
EndGlobal
